{
  "name": "hunker",
  "version": "0.0.2",
  "lockfileVersion": 1,
  "requires": true,
  "dependencies": {
    "cycni": {
      "version": "2.1.0",
      "resolved": "https://registry.npmjs.org/cycni/-/cycni-2.1.0.tgz",
      "integrity": "sha512-sjs1u/oy921sWhpj1jhGZgUEJLv5S4v7L2EJ6/zUzKtu6UFBzx35oBsN+qycYidp815DDIUsnN44XTvAfXLipQ=="
    }
  }
}
